
Microsoft Visual Studio Solution File, Format Version 12.00
# Visual Studio Version 16
VisualStudioVersion = 16.0.30204.135
MinimumVisualStudioVersion = 10.0.40219.1
Project("{FAE04EC0-301F-11D3-BF4B-00C04F79EFBC}") = "Matrix", "Matrix\Matrix.csproj", "{DE3807D2-0299-4788-9C70-8D4FDA5E8098}"
EndProject
Global
	GlobalSection(SolutionConfigurationPlatforms) = preSolution
		Debug|Any CPU = Debug|Any CPU
		Release|Any CPU = Release|Any CPU
	EndGlobalSection
	GlobalSection(ProjectConfigurationPlatforms) = postSolution
		{DE3807D2-0299-4788-9C70-8D4FDA5E8098}.Debug|Any CPU.ActiveCfg = Debug|Any CPU
		{DE3807D2-0299-4788-9C70-8D4FDA5E8098}.Debug|Any CPU.Build.0 = Debug|Any CPU
		{DE3807D2-0299-4788-9C70-8D4FDA5E8098}.Release|Any CPU.ActiveCfg = Release|Any CPU
		{DE3807D2-0299-4788-9C70-8D4FDA5E8098}.Release|Any CPU.Build.0 = Release|Any CPU
	EndGlobalSection
	GlobalSection(SolutionProperties) = preSolution
		HideSolutionNode = FALSE
	EndGlobalSection
	GlobalSection(ExtensibilityGlobals) = postSolution
		SolutionGuid = {C16B9FCE-057F-4D0C-997B-7198307DBB4E}
	EndGlobalSection
EndGlobal
